
Microsoft Visual Studio Solution File, Format Version 12.00
# Visual Studio Version 17
VisualStudioVersion = 17.12.35527.113
MinimumVisualStudioVersion = 10.0.40219.1
Project("{2150E333-8FDC-42A3-9474-1A3956D46DE8}") = "src", "src", "{CFE40F93-7D79-49CE-8986-9E4E4C43E408}"
EndProject
Project("{2150E333-8FDC-42A3-9474-1A3956D46DE8}") = "Frontend", "Frontend", "{5AC4898F-F286-447A-B07C-E95A9FE72B80}"
EndProject
Project("{2150E333-8FDC-42A3-9474-1A3956D46DE8}") = "Backend", "Backend", "{8F34AF21-605A-4B18-BB05-F934EE62D7A9}"
EndProject
Project("{FAE04EC0-301F-11D3-BF4B-00C04F79EFBC}") = "CyberEagle.UI", "CyberEagle.UI\CyberEagle.UI\CyberEagle.UI.csproj", "{5C678235-E691-416A-9FFE-66413836858C}"
EndProject
Project("{FAE04EC0-301F-11D3-BF4B-00C04F79EFBC}") = "CyberEagle.UI.Android", "CyberEagle.UI\CyberEagle.UI.Android\CyberEagle.UI.Android.csproj", "{6B355DB1-5660-4725-8E08-CEA5ACA0FC56}"
EndProject
Project("{FAE04EC0-301F-11D3-BF4B-00C04F79EFBC}") = "CyberEagle.UI.Desktop", "CyberEagle.UI\CyberEagle.UI.Desktop\CyberEagle.UI.Desktop.csproj", "{8F16F2F1-3BE9-4197-8BCF-792CFC1A5971}"
EndProject
Project("{FAE04EC0-301F-11D3-BF4B-00C04F79EFBC}") = "CyberEagle.UI.iOS", "CyberEagle.UI\CyberEagle.UI.iOS\CyberEagle.UI.iOS.csproj", "{D018975B-A244-45F2-B2AD-C1C627C0380D}"
EndProject
Project("{FAE04EC0-301F-11D3-BF4B-00C04F79EFBC}") = "CyberEagle.UI.Browser", "CyberEagle.UI\CyberEagle.UI.Browser\CyberEagle.UI.Browser.csproj", "{376B4666-8A87-43ED-913B-AB605C4747C8}"
EndProject
Project("{FAE04EC0-301F-11D3-BF4B-00C04F79EFBC}") = "CyberEagle.API", "CyberEagle.API\CyberEagle.API.csproj", "{28967F9B-09F8-490B-A718-368F93A26750}"
EndProject
Project("{FAE04EC0-301F-11D3-BF4B-00C04F79EFBC}") = "CyberEagle.Application", "CyberEagle.Application\CyberEagle.Application.csproj", "{33181F24-4139-4393-9A74-E7371FC19681}"
EndProject
Project("{FAE04EC0-301F-11D3-BF4B-00C04F79EFBC}") = "CyberEagle.Core", "CyberEagle.Core\CyberEagle.Core.csproj", "{D04DD1B1-F09C-4BB0-9CF0-037CA2B4CE15}"
EndProject
Project("{FAE04EC0-301F-11D3-BF4B-00C04F79EFBC}") = "CyberEagle.Persistence", "CyberEagle.Persistence\CyberEagle.Persistence.csproj", "{59D286FF-EB0B-4701-BC1D-0396C4FF530E}"
EndProject
Project("{FAE04EC0-301F-11D3-BF4B-00C04F79EFBC}") = "CyberEagle.Infrastructure", "CyberEagle.Infrastructure\CyberEagle.Infrastructure.csproj", "{17AD8A8D-EE4B-45E6-862A-103078DCBBBD}"
EndProject
Global
	GlobalSection(SolutionConfigurationPlatforms) = preSolution
		Debug|Any CPU = Debug|Any CPU
		Release|Any CPU = Release|Any CPU
	EndGlobalSection
	GlobalSection(ProjectConfigurationPlatforms) = postSolution
		{5C678235-E691-416A-9FFE-66413836858C}.Debug|Any CPU.ActiveCfg = Debug|Any CPU
		{5C678235-E691-416A-9FFE-66413836858C}.Debug|Any CPU.Build.0 = Debug|Any CPU
		{5C678235-E691-416A-9FFE-66413836858C}.Release|Any CPU.ActiveCfg = Release|Any CPU
		{5C678235-E691-416A-9FFE-66413836858C}.Release|Any CPU.Build.0 = Release|Any CPU
		{6B355DB1-5660-4725-8E08-CEA5ACA0FC56}.Debug|Any CPU.ActiveCfg = Debug|Any CPU
		{6B355DB1-5660-4725-8E08-CEA5ACA0FC56}.Debug|Any CPU.Build.0 = Debug|Any CPU
		{6B355DB1-5660-4725-8E08-CEA5ACA0FC56}.Debug|Any CPU.Deploy.0 = Debug|Any CPU
		{6B355DB1-5660-4725-8E08-CEA5ACA0FC56}.Release|Any CPU.ActiveCfg = Release|Any CPU
		{6B355DB1-5660-4725-8E08-CEA5ACA0FC56}.Release|Any CPU.Build.0 = Release|Any CPU
		{6B355DB1-5660-4725-8E08-CEA5ACA0FC56}.Release|Any CPU.Deploy.0 = Release|Any CPU
		{8F16F2F1-3BE9-4197-8BCF-792CFC1A5971}.Debug|Any CPU.ActiveCfg = Debug|Any CPU
		{8F16F2F1-3BE9-4197-8BCF-792CFC1A5971}.Debug|Any CPU.Build.0 = Debug|Any CPU
		{8F16F2F1-3BE9-4197-8BCF-792CFC1A5971}.Release|Any CPU.ActiveCfg = Release|Any CPU
		{8F16F2F1-3BE9-4197-8BCF-792CFC1A5971}.Release|Any CPU.Build.0 = Release|Any CPU
		{D018975B-A244-45F2-B2AD-C1C627C0380D}.Debug|Any CPU.ActiveCfg = Debug|Any CPU
		{D018975B-A244-45F2-B2AD-C1C627C0380D}.Debug|Any CPU.Build.0 = Debug|Any CPU
		{D018975B-A244-45F2-B2AD-C1C627C0380D}.Debug|Any CPU.Deploy.0 = Debug|Any CPU
		{D018975B-A244-45F2-B2AD-C1C627C0380D}.Release|Any CPU.ActiveCfg = Release|Any CPU
		{D018975B-A244-45F2-B2AD-C1C627C0380D}.Release|Any CPU.Build.0 = Release|Any CPU
		{D018975B-A244-45F2-B2AD-C1C627C0380D}.Release|Any CPU.Deploy.0 = Release|Any CPU
		{376B4666-8A87-43ED-913B-AB605C4747C8}.Debug|Any CPU.ActiveCfg = Debug|Any CPU
		{376B4666-8A87-43ED-913B-AB605C4747C8}.Debug|Any CPU.Build.0 = Debug|Any CPU
		{376B4666-8A87-43ED-913B-AB605C4747C8}.Release|Any CPU.ActiveCfg = Release|Any CPU
		{376B4666-8A87-43ED-913B-AB605C4747C8}.Release|Any CPU.Build.0 = Release|Any CPU
		{28967F9B-09F8-490B-A718-368F93A26750}.Debug|Any CPU.ActiveCfg = Debug|Any CPU
		{28967F9B-09F8-490B-A718-368F93A26750}.Debug|Any CPU.Build.0 = Debug|Any CPU
		{28967F9B-09F8-490B-A718-368F93A26750}.Release|Any CPU.ActiveCfg = Release|Any CPU
		{28967F9B-09F8-490B-A718-368F93A26750}.Release|Any CPU.Build.0 = Release|Any CPU
		{33181F24-4139-4393-9A74-E7371FC19681}.Debug|Any CPU.ActiveCfg = Debug|Any CPU
		{33181F24-4139-4393-9A74-E7371FC19681}.Debug|Any CPU.Build.0 = Debug|Any CPU
		{33181F24-4139-4393-9A74-E7371FC19681}.Release|Any CPU.ActiveCfg = Release|Any CPU
		{33181F24-4139-4393-9A74-E7371FC19681}.Release|Any CPU.Build.0 = Release|Any CPU
		{D04DD1B1-F09C-4BB0-9CF0-037CA2B4CE15}.Debug|Any CPU.ActiveCfg = Debug|Any CPU
		{D04DD1B1-F09C-4BB0-9CF0-037CA2B4CE15}.Debug|Any CPU.Build.0 = Debug|Any CPU
		{D04DD1B1-F09C-4BB0-9CF0-037CA2B4CE15}.Release|Any CPU.ActiveCfg = Release|Any CPU
		{D04DD1B1-F09C-4BB0-9CF0-037CA2B4CE15}.Release|Any CPU.Build.0 = Release|Any CPU
		{59D286FF-EB0B-4701-BC1D-0396C4FF530E}.Debug|Any CPU.ActiveCfg = Debug|Any CPU
		{59D286FF-EB0B-4701-BC1D-0396C4FF530E}.Debug|Any CPU.Build.0 = Debug|Any CPU
		{59D286FF-EB0B-4701-BC1D-0396C4FF530E}.Release|Any CPU.ActiveCfg = Release|Any CPU
		{59D286FF-EB0B-4701-BC1D-0396C4FF530E}.Release|Any CPU.Build.0 = Release|Any CPU
		{17AD8A8D-EE4B-45E6-862A-103078DCBBBD}.Debug|Any CPU.ActiveCfg = Debug|Any CPU
		{17AD8A8D-EE4B-45E6-862A-103078DCBBBD}.Debug|Any CPU.Build.0 = Debug|Any CPU
		{17AD8A8D-EE4B-45E6-862A-103078DCBBBD}.Release|Any CPU.ActiveCfg = Release|Any CPU
		{17AD8A8D-EE4B-45E6-862A-103078DCBBBD}.Release|Any CPU.Build.0 = Release|Any CPU
	EndGlobalSection
	GlobalSection(SolutionProperties) = preSolution
		HideSolutionNode = FALSE
	EndGlobalSection
	GlobalSection(NestedProjects) = preSolution
		{5AC4898F-F286-447A-B07C-E95A9FE72B80} = {CFE40F93-7D79-49CE-8986-9E4E4C43E408}
		{8F34AF21-605A-4B18-BB05-F934EE62D7A9} = {CFE40F93-7D79-49CE-8986-9E4E4C43E408}
		{5C678235-E691-416A-9FFE-66413836858C} = {5AC4898F-F286-447A-B07C-E95A9FE72B80}
		{6B355DB1-5660-4725-8E08-CEA5ACA0FC56} = {5AC4898F-F286-447A-B07C-E95A9FE72B80}
		{8F16F2F1-3BE9-4197-8BCF-792CFC1A5971} = {5AC4898F-F286-447A-B07C-E95A9FE72B80}
		{D018975B-A244-45F2-B2AD-C1C627C0380D} = {5AC4898F-F286-447A-B07C-E95A9FE72B80}
		{376B4666-8A87-43ED-913B-AB605C4747C8} = {5AC4898F-F286-447A-B07C-E95A9FE72B80}
		{28967F9B-09F8-490B-A718-368F93A26750} = {8F34AF21-605A-4B18-BB05-F934EE62D7A9}
		{33181F24-4139-4393-9A74-E7371FC19681} = {8F34AF21-605A-4B18-BB05-F934EE62D7A9}
		{D04DD1B1-F09C-4BB0-9CF0-037CA2B4CE15} = {8F34AF21-605A-4B18-BB05-F934EE62D7A9}
		{59D286FF-EB0B-4701-BC1D-0396C4FF530E} = {8F34AF21-605A-4B18-BB05-F934EE62D7A9}
		{17AD8A8D-EE4B-45E6-862A-103078DCBBBD} = {8F34AF21-605A-4B18-BB05-F934EE62D7A9}
	EndGlobalSection
EndGlobal
